
Microsoft Visual Studio Solution File, Format Version 12.00
# Visual Studio Version 17
VisualStudioVersion = 17.10.35004.147
MinimumVisualStudioVersion = 10.0.40219.1
Project("{FAE04EC0-301F-11D3-BF4B-00C04F79EFBC}") = "EntityFrameworkCore", "EntityFrameworkCore\EntityFrameworkCore.csproj", "{8F95AACC-EA4B-49F9-A0FC-45DF1F1FB893}"
EndProject
Global
	GlobalSection(SolutionConfigurationPlatforms) = preSolution
		Debug|Any CPU = Debug|Any CPU
		Release|Any CPU = Release|Any CPU
	EndGlobalSection
	GlobalSection(ProjectConfigurationPlatforms) = postSolution
		{8F95AACC-EA4B-49F9-A0FC-45DF1F1FB893}.Debug|Any CPU.ActiveCfg = Debug|Any CPU
		{8F95AACC-EA4B-49F9-A0FC-45DF1F1FB893}.Debug|Any CPU.Build.0 = Debug|Any CPU
		{8F95AACC-EA4B-49F9-A0FC-45DF1F1FB893}.Release|Any CPU.ActiveCfg = Release|Any CPU
		{8F95AACC-EA4B-49F9-A0FC-45DF1F1FB893}.Release|Any CPU.Build.0 = Release|Any CPU
	EndGlobalSection
	GlobalSection(SolutionProperties) = preSolution
		HideSolutionNode = FALSE
	EndGlobalSection
	GlobalSection(ExtensibilityGlobals) = postSolution
		SolutionGuid = {87CCBD99-4AF2-4CBD-AF68-107CA95B42D5}
	EndGlobalSection
EndGlobal
